
Microsoft Visual Studio Solution File, Format Version 12.00
# Visual Studio Version 17
VisualStudioVersion = 17.5.002.0
MinimumVisualStudioVersion = 10.0.40219.1
Project("{9A19103F-16F7-4668-BE54-9A1E7A4F7556}") = "números multiplos", "números multiplos.csproj", "{EF508015-4AB9-4069-A1FA-7008E6E3EABE}"
EndProject
Global
	GlobalSection(SolutionConfigurationPlatforms) = preSolution
		Debug|Any CPU = Debug|Any CPU
		Release|Any CPU = Release|Any CPU
	EndGlobalSection
	GlobalSection(ProjectConfigurationPlatforms) = postSolution
		{EF508015-4AB9-4069-A1FA-7008E6E3EABE}.Debug|Any CPU.ActiveCfg = Debug|Any CPU
		{EF508015-4AB9-4069-A1FA-7008E6E3EABE}.Debug|Any CPU.Build.0 = Debug|Any CPU
		{EF508015-4AB9-4069-A1FA-7008E6E3EABE}.Release|Any CPU.ActiveCfg = Release|Any CPU
		{EF508015-4AB9-4069-A1FA-7008E6E3EABE}.Release|Any CPU.Build.0 = Release|Any CPU
	EndGlobalSection
	GlobalSection(SolutionProperties) = preSolution
		HideSolutionNode = FALSE
	EndGlobalSection
	GlobalSection(ExtensibilityGlobals) = postSolution
		SolutionGuid = {C7A9F2A0-4E16-468C-99EC-C74CCF756572}
	EndGlobalSection
EndGlobal
